PODS:
  - Alamofire (4.1.0)
  - AlamofireImage (3.2.0):
    - Alamofire (~> 4.1)
  - SwiftyJSON (3.1.4)

DEPENDENCIES:
  - Alamofire (= 4.1)
  - AlamofireImage (= 3.2)
  - SwiftyJSON

SPEC CHECKSUMS:
  Alamofire: e266cf991b933498df791e645e0d8ac294492153
  AlamofireImage: 157ed682cc81d3b9db4fb90c1f12180ac552d93b
  SwiftyJSON: c2842d878f95482ffceec5709abc3d05680c0220

PODFILE CHECKSUM: 62bff1dfa387991b0ec1947d1a61d2dab9bbea9b

COCOAPODS: 1.2.0
