// !$*UTF8*$!
{
	archiveVersion = 1;
	classes = {
	};
	objectVersion = 46;
	objects = {

/* Begin PBXBuildFile section */
		04C654F21E431D0800F73265 /* AppDelegate.swift in Sources */ = {isa = PBXBuildFile; fileRef = 04C654F11E431D0800F73265 /* AppDelegate.swift */; };
		04C654F41E431D0800F73265 /* ViewController.swift in Sources */ = {isa = PBXBuildFile; fileRef = 04C654F31E431D0800F73265 /* ViewController.swift */; };
		04C654F71E431D0800F73265 /* Main.storyboard in Resources */ = {isa = PBXBuildFile; fileRef = 04C654F51E431D0800F73265 /* Main.storyboard */; };
		04C654F91E431D0800F73265 /* Assets.xcassets in Resources */ = {isa = PBXBuildFile; fileRef = 04C654F81E431D0800F73265 /* Assets.xcassets */; };
		04C654FC1E431D0800F73265 /* LaunchScreen.storyboard in Resources */ = {isa = PBXBuildFile; fileRef = 04C654FA1E431D0800F73265 /* LaunchScreen.storyboard */; };
		04C655041E431EF300F73265 /* nextVC.swift in Sources */ = {isa = PBXBuildFile; fileRef = 04C655031E431EF300F73265 /* nextVC.swift */; };
		04C655061E43575000F73265 /* bGround.swift in Sources */ = {isa = PBXBuildFile; fileRef = 04C655051E43575000F73265 /* bGround.swift */; };
/* End PBXBuildFile section */

/* Begin PBXFileReference section */
		04C654EE1E431D0800F73265 /* navigationDemoProject.app */ = {isa = PBXFileReference; explicitFileType = wrapper.application; includeInIndex = 0; path = navigationDemoProject.app; sourceTree = BUILT_PRODUCTS_DIR; };
		04C654F11E431D0800F73265 /* AppDelegate.swift */ = {isa = PBXFileReference; lastKnownFileType = sourcecode.swift; path = AppDelegate.swift; sourceTree = "<group>"; };
		04C654F31E431D0800F73265 /* ViewController.swift */ = {isa = PBXFileReference; lastKnownFileType = sourcecode.swift; path = ViewController.swift; sourceTree = "<group>"; };
		04C654F61E431D0800F73265 /* Base */ = {isa = PBXFileReference; lastKnownFileType = file.storyboard; name = Base; path = Base.lproj/Main.storyboard; sourceTree = "<group>"; };
		04C654F81E431D0800F73265 /* Assets.xcassets */ = {isa = PBXFileReference; lastKnownFileType = folder.assetcatalog; path = Assets.xcassets; sourceTree = "<group>"; };
		04C654FB1E431D0800F73265 /* Base */ = {isa = PBXFileReference; lastKnownFileType = file.storyboard; name = Base; path = Base.lproj/LaunchScreen.storyboard; sourceTree = "<group>"; };
		04C654FD1E431D0800F73265 /* Info.plist */ = {isa = PBXFileReference; lastKnownFileType = text.plist.xml; path = Info.plist; sourceTree = "<group>"; };
		04C655031E431EF300F73265 /* nextVC.swift */ = {isa = PBXFileReference; fileEncoding = 4; lastKnownFileType = sourcecode.swift; path = nextVC.swift; sourceTree = "<group>"; };
		04C655051E43575000F73265 /* bGround.swift */ = {isa = PBXFileReference; fileEncoding = 4; lastKnownFileType = sourcecode.swift; path = bGround.swift; sourceTree = "<group>"; };
/* End PBXFileReference section */

/* Begin PBXFrameworksBuildPhase section */
		04C654EB1E431D0800F73265 /* Frameworks */ = {
			isa = PBXFrameworksBuildPhase;
			buildActionMask = 2147483647;
			files = (
			);
			runOnlyForDeploymentPostprocessing = 0;
		};
/* End PBXFrameworksBuildPhase section */

/* Begin PBXGroup section */
		04C654E51E431D0800F73265 = {
			isa = PBXGroup;
			children = (
				04C654F01E431D0800F73265 /* navigationDemoProject */,
				04C654EF1E431D0800F73265 /* Products */,
			);
			sourceTree = "<group>";
		};
		04C654EF1E431D0800F73265 /* Products */ = {
			isa = PBXGroup;
			children = (
				04C654EE1E431D0800F73265 /* navigationDemoProject.app */,
			);
			name = Products;
			sourceTree = "<group>";
		};
		04C654F01E431D0800F73265 /* navigationDemoProject */ = {
			isa = PBXGroup;
			children = (
				04C654F11E431D0800F73265 /* AppDelegate.swift */,
				04C655051E43575000F73265 /* bGround.swift */,
				04C655031E431EF300F73265 /* nextVC.swift */,
				04C654F31E431D0800F73265 /* ViewController.swift */,
				04C654F51E431D0800F73265 /* Main.storyboard */,
				04C654F81E431D0800F73265 /* Assets.xcassets */,
				04C654FA1E431D0800F73265 /* LaunchScreen.storyboard */,
				04C654FD1E431D0800F73265 /* Info.plist */,
			);
			path = navigationDemoProject;
			sourceTree = "<group>";
		};
/* End PBXGroup section */

/* Begin PBXNativeTarget section */
		04C654ED1E431D0800F73265 /* navigationDemoProject */ = {
			isa = PBXNativeTarget;
			buildConfigurationList = 04C655001E431D0900F73265 /* Build configuration list for PBXNativeTarget "navigationDemoProject" */;
			buildPhases = (
				04C654EA1E431D0800F73265 /* Sources */,
				04C654EB1E431D0800F73265 /* Frameworks */,
				04C654EC1E431D0800F73265 /* Resources */,
			);
			buildRules = (
			);
			dependencies = (
			);
			name = navigationDemoProject;
			productName = navigationDemoProject;
			productReference = 04C654EE1E431D0800F73265 /* navigationDemoProject.app */;
			productType = "com.apple.product-type.application";
		};
/* End PBXNativeTarget section */

/* Begin PBXProject section */
		04C654E61E431D0800F73265 /* Project object */ = {
			isa = PBXProject;
			attributes = {
				LastSwiftUpdateCheck = 0810;
				LastUpgradeCheck = 0810;
				ORGANIZATIONNAME = Appinventiv;
				TargetAttributes = {
					04C654ED1E431D0800F73265 = {
						CreatedOnToolsVersion = 8.1;
						ProvisioningStyle = Automatic;
					};
				};
			};
			buildConfigurationList = 04C654E91E431D0800F73265 /* Build configuration list for PBXProject "navigationDemoProject" */;
			compatibilityVersion = "Xcode 3.2";
			developmentRegion = English;
			hasScannedForEncodings = 0;
			knownRegions = (
				en,
				Base,
			);
			mainGroup = 04C654E51E431D0800F73265;
			productRefGroup = 04C654EF1E431D0800F73265 /* Products */;
			projectDirPath = "";
			projectRoot = "";
			targets = (
				04C654ED1E431D0800F73265 /* navigationDemoProject */,
			);
		};
/* End PBXProject section */

/* Begin PBXResourcesBuildPhase section */
		04C654EC1E431D0800F73265 /* Resources */ = {
			isa = PBXResourcesBuildPhase;
			buildActionMask = 2147483647;
			files = (
				04C654FC1E431D0800F73265 /* LaunchScreen.storyboard in Resources */,
				04C654F91E431D0800F73265 /* Assets.xcassets in Resources */,
				04C654F71E431D0800F73265 /* Main.storyboard in Resources */,
			);
			runOnlyForDeploymentPostprocessing = 0;
		};
/* End PBXResourcesBuildPhase section */

/* Begin PBXSourcesBuildPhase section */
		04C654EA1E431D0800F73265 /* Sources */ = {
			isa = PBXSourcesBuildPhase;
			buildActionMask = 2147483647;
			files = (
				04C654F41E431D0800F73265 /* ViewController.swift in Sources */,
				04C655061E43575000F73265 /* bGround.swift in Sources */,
				04C654F21E431D0800F73265 /* AppDelegate.swift in Sources */,
				04C655041E431EF300F73265 /* nextVC.swift in Sources */,
			);
			runOnlyForDeploymentPostprocessing = 0;
		};
/* End PBXSourcesBuildPhase section */

/* Begin PBXVariantGroup section */
		04C654F51E431D0800F73265 /* Main.storyboard */ = {
			isa = PBXVariantGroup;
			children = (
				04C654F61E431D0800F73265 /* Base */,
			);
			name = Main.storyboard;
			sourceTree = "<group>";
		};
		04C654FA1E431D0800F73265 /* LaunchScreen.storyboard */ = {
			isa = PBXVariantGroup;
			children = (
				04C654FB1E431D0800F73265 /* Base */,
			);
			name = LaunchScreen.storyboard;
			sourceTree = "<group>";
		};
/* End PBXVariantGroup section */

/* Begin XCBuildConfiguration section */
		04C654FE1E431D0900F73265 /* Debug */ = {
			isa = XCBuildConfiguration;
			buildSettings = {
				ALWAYS_SEARCH_USER_PATHS = NO;
				CLANG_ANALYZER_NONNULL = YES;
				CLANG_CXX_LANGUAGE_STANDARD = "gnu++0x";
				CLANG_CXX_LIBRARY = "libc++";
				CLANG_ENABLE_MODULES = YES;
				CLANG_ENABLE_OBJC_ARC = YES;
				CLANG_WARN_BOOL_CONVERSION = YES;
				CLANG_WARN_CONSTANT_CONVERSION = YES;
				CLANG_WARN_DIRECT_OBJC_ISA_USAGE = YES_ERROR;
				CLANG_WARN_DOCUMENTATION_COMMENTS = YES;
				CLANG_WARN_EMPTY_BODY = YES;
				CLANG_WARN_ENUM_CONVERSION = YES;
				CLANG_WARN_INFINITE_RECURSION = YES;
				CLANG_WARN_INT_CONVERSION = YES;
				CLANG_WARN_OBJC_ROOT_CLASS = YES_ERROR;
				CLANG_WARN_SUSPICIOUS_MOVES = YES;
				CLANG_WARN_UNREACHABLE_CODE = YES;
				CLANG_WARN__DUPLICATE_METHOD_MATCH = YES;
				"CODE_SIGN_IDENTITY[sdk=iphoneos*]" = "iPhone Developer";
				COPY_PHASE_STRIP = NO;
				DEBUG_INFORMATION_FORMAT = dwarf;
				ENABLE_STRICT_OBJC_MSGSEND = YES;
				ENABLE_TESTABILITY = YES;
				GCC_C_LANGUAGE_STANDARD = gnu99;
				GCC_DYNAMIC_NO_PIC = NO;
				GCC_NO_COMMON_BLOCKS = YES;
				GCC_OPTIMIZATION_LEVEL = 0;
				GCC_PREPROCESSOR_DEFINITIONS = (
					"DEBUG=1",
					"$(inherited)",
				);
				GCC_WARN_64_TO_32_BIT_CONVERSION = YES;
				GCC_WARN_ABOUT_RETURN_TYPE = YES_ERROR;
				GCC_WARN_UNDECLARED_SELECTOR = YES;
				GCC_WARN_UNINITIALIZED_AUTOS = YES_AGGRESSIVE;
				GCC_WARN_UNUSED_FUNCTION = YES;
				GCC_WARN_UNUSED_VARIABLE = YES;
				IPHONEOS_DEPLOYMENT_TARGET = 10.1;
				MTL_ENABLE_DEBUG_INFO = YES;
				ONLY_ACTIVE_ARCH = YES;
				SDKROOT = iphoneos;
				SWIFT_ACTIVE_COMPILATION_CONDITIONS = DEBUG;
				SWIFT_OPTIMIZATION_LEVEL = "-Onone";
				TARGETED_DEVICE_FAMILY = "1,2";
			};
			name = Debug;
		};
		04C654FF1E431D0900F73265 /* Release */ = {
			isa = XCBuildConfiguration;
			buildSettings = {
				ALWAYS_SEARCH_USER_PATHS = NO;
				CLANG_ANALYZER_NONNULL = YES;
				CLANG_CXX_LANGUAGE_STANDARD = "gnu++0x";
				CLANG_CXX_LIBRARY = "libc++";
				CLANG_ENABLE_MODULES = YES;
				CLANG_ENABLE_OBJC_ARC = YES;
				CLANG_WARN_BOOL_CONVERSION = YES;
				CLANG_WARN_CONSTANT_CONVERSION = YES;
				CLANG_WARN_DIRECT_OBJC_ISA_USAGE = YES_ERROR;
				CLANG_WARN_DOCUMENTATION_COMMENTS = YES;
				CLANG_WARN_EMPTY_BODY = YES;
				CLANG_WARN_ENUM_CONVERSION = YES;
				CLANG_WARN_INFINITE_RECURSION = YES;
				CLANG_WARN_INT_CONVERSION = YES;
				CLANG_WARN_OBJC_ROOT_CLASS = YES_ERROR;
				CLANG_WARN_SUSPICIOUS_MOVES = YES;
				CLANG_WARN_UNREACHABLE_CODE = YES;
				CLANG_WARN__DUPLICATE_METHOD_MATCH = YES;
				"CODE_SIGN_IDENTITY[sdk=iphoneos*]" = "iPhone Developer";
				COPY_PHASE_STRIP = NO;
				DEBUG_INFORMATION_FORMAT = "dwarf-with-dsym";
				ENABLE_NS_ASSERTIONS = NO;
				ENABLE_STRICT_OBJC_MSGSEND = YES;
				GCC_C_LANGUAGE_STANDARD = gnu99;
				GCC_NO_COMMON_BLOCKS = YES;
				GCC_WARN_64_TO_32_BIT_CONVERSION = YES;
				GCC_WARN_ABOUT_RETURN_TYPE = YES_ERROR;
				GCC_WARN_UNDECLARED_SELECTOR = YES;
				GCC_WARN_UNINITIALIZED_AUTOS = YES_AGGRESSIVE;
				GCC_WARN_UNUSED_FUNCTION = YES;
				GCC_WARN_UNUSED_VARIABLE = YES;
				IPHONEOS_DEPLOYMENT_TARGET = 10.1;
				MTL_ENABLE_DEBUG_INFO = NO;
				SDKROOT = iphoneos;
				SWIFT_OPTIMIZATION_LEVEL = "-Owholemodule";
				TARGETED_DEVICE_FAMILY = "1,2";
				VALIDATE_PRODUCT = YES;
			};
			name = Release;
		};
		04C655011E431D0900F73265 /* Debug */ = {
			isa = XCBuildConfiguration;
			buildSettings = {
				ASSETCATALOG_COMPILER_APPICON_NAME = AppIcon;
				INFOPLIST_FILE = navigationDemoProject/Info.plist;
				LD_RUNPATH_SEARCH_PATHS = "$(inherited) @executable_path/Frameworks";
				PRODUCT_BUNDLE_IDENTIFIER = Appinventiv.navigationDemoProject;
				PRODUCT_NAME = "$(TARGET_NAME)";
				SWIFT_VERSION = 3.0;
			};
			name = Debug;
		};
		04C655021E431D0900F73265 /* Release */ = {
			isa = XCBuildConfiguration;
			buildSettings = {
				ASSETCATALOG_COMPILER_APPICON_NAME = AppIcon;
				INFOPLIST_FILE = navigationDemoProject/Info.plist;
				LD_RUNPATH_SEARCH_PATHS = "$(inherited) @executable_path/Frameworks";
				PRODUCT_BUNDLE_IDENTIFIER = Appinventiv.navigationDemoProject;
				PRODUCT_NAME = "$(TARGET_NAME)";
				SWIFT_VERSION = 3.0;
			};
			name = Release;
		};
/* End XCBuildConfiguration section */

/* Begin XCConfigurationList section */
		04C654E91E431D0800F73265 /* Build configuration list for PBXProject "navigationDemoProject" */ = {
			isa = XCConfigurationList;
			buildConfigurations = (
				04C654FE1E431D0900F73265 /* Debug */,
				04C654FF1E431D0900F73265 /* Release */,
			);
			defaultConfigurationIsVisible = 0;
			defaultConfigurationName = Release;
		};
		04C655001E431D0900F73265 /* Build configuration list for PBXNativeTarget "navigationDemoProject" */ = {
			isa = XCConfigurationList;
			buildConfigurations = (
				04C655011E431D0900F73265 /* Debug */,
				04C655021E431D0900F73265 /* Release */,
			);
			defaultConfigurationIsVisible = 0;
		};
/* End XCConfigurationList section */
	};
	rootObject = 04C654E61E431D0800F73265 /* Project object */;
}
